
Microsoft Visual Studio Solution File, Format Version 12.00
# Visual Studio Version 17
VisualStudioVersion = 17.3.32804.467
MinimumVisualStudioVersion = 10.0.40219.1
Project("{FAE04EC0-301F-11D3-BF4B-00C04F79EFBC}") = "ArraysAndLists", "ArraysAndLists\ArraysAndLists.csproj", "{A570117A-4797-4CA5-8E4B-555613E729DD}"
EndProject
Global
	GlobalSection(SolutionConfigurationPlatforms) = preSolution
		Debug|Any CPU = Debug|Any CPU
		Release|Any CPU = Release|Any CPU
	EndGlobalSection
	GlobalSection(ProjectConfigurationPlatforms) = postSolution
		{A570117A-4797-4CA5-8E4B-555613E729DD}.Debug|Any CPU.ActiveCfg = Debug|Any CPU
		{A570117A-4797-4CA5-8E4B-555613E729DD}.Debug|Any CPU.Build.0 = Debug|Any CPU
		{A570117A-4797-4CA5-8E4B-555613E729DD}.Release|Any CPU.ActiveCfg = Release|Any CPU
		{A570117A-4797-4CA5-8E4B-555613E729DD}.Release|Any CPU.Build.0 = Release|Any CPU
	EndGlobalSection
	GlobalSection(SolutionProperties) = preSolution
		HideSolutionNode = FALSE
	EndGlobalSection
	GlobalSection(ExtensibilityGlobals) = postSolution
		SolutionGuid = {9D837F12-80BA-44C8-B001-8692AD90E6C3}
	EndGlobalSection
EndGlobal
