
Microsoft Visual Studio Solution File, Format Version 12.00
# Visual Studio Version 17
VisualStudioVersion = 17.3.32804.467
MinimumVisualStudioVersion = 10.0.40219.1
Project("{FAE04EC0-301F-11D3-BF4B-00C04F79EFBC}") = "DailyReport", "DailyReport\DailyReport.csproj", "{060F62F9-4BFE-4D26-B2B6-73A93F628596}"
EndProject
Global
	GlobalSection(SolutionConfigurationPlatforms) = preSolution
		Debug|Any CPU = Debug|Any CPU
		Release|Any CPU = Release|Any CPU
	EndGlobalSection
	GlobalSection(ProjectConfigurationPlatforms) = postSolution
		{060F62F9-4BFE-4D26-B2B6-73A93F628596}.Debug|Any CPU.ActiveCfg = Debug|Any CPU
		{060F62F9-4BFE-4D26-B2B6-73A93F628596}.Debug|Any CPU.Build.0 = Debug|Any CPU
		{060F62F9-4BFE-4D26-B2B6-73A93F628596}.Release|Any CPU.ActiveCfg = Release|Any CPU
		{060F62F9-4BFE-4D26-B2B6-73A93F628596}.Release|Any CPU.Build.0 = Release|Any CPU
	EndGlobalSection
	GlobalSection(SolutionProperties) = preSolution
		HideSolutionNode = FALSE
	EndGlobalSection
	GlobalSection(ExtensibilityGlobals) = postSolution
		SolutionGuid = {AC1CDEBC-B82D-4E33-B808-0A249CD88F08}
	EndGlobalSection
EndGlobal
