
Microsoft Visual Studio Solution File, Format Version 12.00
# Visual Studio Version 17
VisualStudioVersion = 17.3.32804.467
MinimumVisualStudioVersion = 10.0.40219.1
Project("{FAE04EC0-301F-11D3-BF4B-00C04F79EFBC}") = "BlackJack", "BlackJack\BlackJack.csproj", "{1A12324F-6036-4E78-89E6-68767DE3C363}"
EndProject
Project("{FAE04EC0-301F-11D3-BF4B-00C04F79EFBC}") = "Casino", "Casino\Casino.csproj", "{DC4DC4EA-807E-4E3C-9E47-57D5246CFEE5}"
EndProject
Global
	GlobalSection(SolutionConfigurationPlatforms) = preSolution
		Debug|Any CPU = Debug|Any CPU
		Release|Any CPU = Release|Any CPU
	EndGlobalSection
	GlobalSection(ProjectConfigurationPlatforms) = postSolution
		{1A12324F-6036-4E78-89E6-68767DE3C363}.Debug|Any CPU.ActiveCfg = Debug|Any CPU
		{1A12324F-6036-4E78-89E6-68767DE3C363}.Debug|Any CPU.Build.0 = Debug|Any CPU
		{1A12324F-6036-4E78-89E6-68767DE3C363}.Release|Any CPU.ActiveCfg = Release|Any CPU
		{1A12324F-6036-4E78-89E6-68767DE3C363}.Release|Any CPU.Build.0 = Release|Any CPU
		{DC4DC4EA-807E-4E3C-9E47-57D5246CFEE5}.Debug|Any CPU.ActiveCfg = Debug|Any CPU
		{DC4DC4EA-807E-4E3C-9E47-57D5246CFEE5}.Debug|Any CPU.Build.0 = Debug|Any CPU
		{DC4DC4EA-807E-4E3C-9E47-57D5246CFEE5}.Release|Any CPU.ActiveCfg = Release|Any CPU
		{DC4DC4EA-807E-4E3C-9E47-57D5246CFEE5}.Release|Any CPU.Build.0 = Release|Any CPU
	EndGlobalSection
	GlobalSection(SolutionProperties) = preSolution
		HideSolutionNode = FALSE
	EndGlobalSection
	GlobalSection(ExtensibilityGlobals) = postSolution
		SolutionGuid = {EE3428DF-5E8E-46EF-8372-7FF20A60AAF7}
	EndGlobalSection
EndGlobal
