
Microsoft Visual Studio Solution File, Format Version 12.00
# Visual Studio Version 17
VisualStudioVersion = 17.3.32804.467
MinimumVisualStudioVersion = 10.0.40219.1
Project("{FAE04EC0-301F-11D3-BF4B-00C04F79EFBC}") = "BooleanLogicAssignment", "BooleanLogicAssignment\BooleanLogicAssignment.csproj", "{E84CF4C1-490B-408E-AB2A-1170560605CC}"
EndProject
Global
	GlobalSection(SolutionConfigurationPlatforms) = preSolution
		Debug|Any CPU = Debug|Any CPU
		Release|Any CPU = Release|Any CPU
	EndGlobalSection
	GlobalSection(ProjectConfigurationPlatforms) = postSolution
		{E84CF4C1-490B-408E-AB2A-1170560605CC}.Debug|Any CPU.ActiveCfg = Debug|Any CPU
		{E84CF4C1-490B-408E-AB2A-1170560605CC}.Debug|Any CPU.Build.0 = Debug|Any CPU
		{E84CF4C1-490B-408E-AB2A-1170560605CC}.Release|Any CPU.ActiveCfg = Release|Any CPU
		{E84CF4C1-490B-408E-AB2A-1170560605CC}.Release|Any CPU.Build.0 = Release|Any CPU
	EndGlobalSection
	GlobalSection(SolutionProperties) = preSolution
		HideSolutionNode = FALSE
	EndGlobalSection
	GlobalSection(ExtensibilityGlobals) = postSolution
		SolutionGuid = {35BC11AF-FC2E-49D5-BCCF-4DDBBC6B313D}
	EndGlobalSection
EndGlobal
