
Microsoft Visual Studio Solution File, Format Version 12.00
# Visual Studio Version 17
VisualStudioVersion = 17.3.32804.467
MinimumVisualStudioVersion = 10.0.40219.1
Project("{FAE04EC0-301F-11D3-BF4B-00C04F79EFBC}") = "HelloWorld", "HelloWorld\HelloWorld.csproj", "{0FFA1955-FFDB-4AB2-B973-334B7A794F7F}"
EndProject
Global
	GlobalSection(SolutionConfigurationPlatforms) = preSolution
		Debug|Any CPU = Debug|Any CPU
		Release|Any CPU = Release|Any CPU
	EndGlobalSection
	GlobalSection(ProjectConfigurationPlatforms) = postSolution
		{0FFA1955-FFDB-4AB2-B973-334B7A794F7F}.Debug|Any CPU.ActiveCfg = Debug|Any CPU
		{0FFA1955-FFDB-4AB2-B973-334B7A794F7F}.Debug|Any CPU.Build.0 = Debug|Any CPU
		{0FFA1955-FFDB-4AB2-B973-334B7A794F7F}.Release|Any CPU.ActiveCfg = Release|Any CPU
		{0FFA1955-FFDB-4AB2-B973-334B7A794F7F}.Release|Any CPU.Build.0 = Release|Any CPU
	EndGlobalSection
	GlobalSection(SolutionProperties) = preSolution
		HideSolutionNode = FALSE
	EndGlobalSection
	GlobalSection(ExtensibilityGlobals) = postSolution
		SolutionGuid = {990E88A4-8AE7-4625-9835-8D50246A3172}
	EndGlobalSection
EndGlobal
