
Microsoft Visual Studio Solution File, Format Version 12.00
# Visual Studio Version 17
VisualStudioVersion = 17.3.32804.467
MinimumVisualStudioVersion = 10.0.40219.1
Project("{FAE04EC0-301F-11D3-BF4B-00C04F79EFBC}") = "ASPNETCoreTourVideo", "ASPNETCoreTourVideo\ASPNETCoreTourVideo.csproj", "{18491637-AF7B-4C36-A2A7-01E32DC19552}"
EndProject
Global
	GlobalSection(SolutionConfigurationPlatforms) = preSolution
		Debug|Any CPU = Debug|Any CPU
		Release|Any CPU = Release|Any CPU
	EndGlobalSection
	GlobalSection(ProjectConfigurationPlatforms) = postSolution
		{18491637-AF7B-4C36-A2A7-01E32DC19552}.Debug|Any CPU.ActiveCfg = Debug|Any CPU
		{18491637-AF7B-4C36-A2A7-01E32DC19552}.Debug|Any CPU.Build.0 = Debug|Any CPU
		{18491637-AF7B-4C36-A2A7-01E32DC19552}.Release|Any CPU.ActiveCfg = Release|Any CPU
		{18491637-AF7B-4C36-A2A7-01E32DC19552}.Release|Any CPU.Build.0 = Release|Any CPU
	EndGlobalSection
	GlobalSection(SolutionProperties) = preSolution
		HideSolutionNode = FALSE
	EndGlobalSection
	GlobalSection(ExtensibilityGlobals) = postSolution
		SolutionGuid = {0B710722-FED6-422E-950A-EAD790A4D044}
	EndGlobalSection
EndGlobal
