
Microsoft Visual Studio Solution File, Format Version 12.00
# Visual Studio Version 17
VisualStudioVersion = 17.3.32804.467
MinimumVisualStudioVersion = 10.0.40219.1
Project("{FAE04EC0-301F-11D3-BF4B-00C04F79EFBC}") = "NewsletterAppMVC", "NewsletterAppMVC\NewsletterAppMVC.csproj", "{EDD1D276-DB4B-4229-9EDB-BEFB4D96B832}"
EndProject
Global
	GlobalSection(SolutionConfigurationPlatforms) = preSolution
		Debug|Any CPU = Debug|Any CPU
		Release|Any CPU = Release|Any CPU
	EndGlobalSection
	GlobalSection(ProjectConfigurationPlatforms) = postSolution
		{EDD1D276-DB4B-4229-9EDB-BEFB4D96B832}.Debug|Any CPU.ActiveCfg = Debug|Any CPU
		{EDD1D276-DB4B-4229-9EDB-BEFB4D96B832}.Debug|Any CPU.Build.0 = Debug|Any CPU
		{EDD1D276-DB4B-4229-9EDB-BEFB4D96B832}.Release|Any CPU.ActiveCfg = Release|Any CPU
		{EDD1D276-DB4B-4229-9EDB-BEFB4D96B832}.Release|Any CPU.Build.0 = Release|Any CPU
	EndGlobalSection
	GlobalSection(SolutionProperties) = preSolution
		HideSolutionNode = FALSE
	EndGlobalSection
	GlobalSection(ExtensibilityGlobals) = postSolution
		SolutionGuid = {81E0903E-8FF0-4E8B-93C3-434E35AC86DB}
	EndGlobalSection
EndGlobal
