
Microsoft Visual Studio Solution File, Format Version 12.00
# Visual Studio Version 17
VisualStudioVersion = 17.3.32804.467
MinimumVisualStudioVersion = 10.0.40219.1
Project("{FAE04EC0-301F-11D3-BF4B-00C04F79EFBC}") = "MyFirstAzureWebApp", "MyFirstAzureWebApp\MyFirstAzureWebApp.csproj", "{4864C26F-6D5F-4580-B657-752624195D95}"
EndProject
Global
	GlobalSection(SolutionConfigurationPlatforms) = preSolution
		Debug|Any CPU = Debug|Any CPU
		Release|Any CPU = Release|Any CPU
	EndGlobalSection
	GlobalSection(ProjectConfigurationPlatforms) = postSolution
		{4864C26F-6D5F-4580-B657-752624195D95}.Debug|Any CPU.ActiveCfg = Debug|Any CPU
		{4864C26F-6D5F-4580-B657-752624195D95}.Debug|Any CPU.Build.0 = Debug|Any CPU
		{4864C26F-6D5F-4580-B657-752624195D95}.Release|Any CPU.ActiveCfg = Release|Any CPU
		{4864C26F-6D5F-4580-B657-752624195D95}.Release|Any CPU.Build.0 = Release|Any CPU
	EndGlobalSection
	GlobalSection(SolutionProperties) = preSolution
		HideSolutionNode = FALSE
	EndGlobalSection
	GlobalSection(ExtensibilityGlobals) = postSolution
		SolutionGuid = {82054307-DB12-4D54-8FC4-5886682E09B6}
	EndGlobalSection
EndGlobal
