
Microsoft Visual Studio Solution File, Format Version 12.00
# Visual Studio Version 17
VisualStudioVersion = 17.3.32804.467
MinimumVisualStudioVersion = 10.0.40219.1
Project("{FAE04EC0-301F-11D3-BF4B-00C04F79EFBC}") = "EFCodeFirstAssignment", "EFCodeFirstAssignment\EFCodeFirstAssignment.csproj", "{5F90F10B-6B36-476F-80D6-01921A34DD3E}"
EndProject
Global
	GlobalSection(SolutionConfigurationPlatforms) = preSolution
		Debug|Any CPU = Debug|Any CPU
		Release|Any CPU = Release|Any CPU
	EndGlobalSection
	GlobalSection(ProjectConfigurationPlatforms) = postSolution
		{5F90F10B-6B36-476F-80D6-01921A34DD3E}.Debug|Any CPU.ActiveCfg = Debug|Any CPU
		{5F90F10B-6B36-476F-80D6-01921A34DD3E}.Debug|Any CPU.Build.0 = Debug|Any CPU
		{5F90F10B-6B36-476F-80D6-01921A34DD3E}.Release|Any CPU.ActiveCfg = Release|Any CPU
		{5F90F10B-6B36-476F-80D6-01921A34DD3E}.Release|Any CPU.Build.0 = Release|Any CPU
	EndGlobalSection
	GlobalSection(SolutionProperties) = preSolution
		HideSolutionNode = FALSE
	EndGlobalSection
	GlobalSection(ExtensibilityGlobals) = postSolution
		SolutionGuid = {5AA4A959-AD15-4153-BD16-D7AA9A1D6E43}
	EndGlobalSection
EndGlobal
