
Microsoft Visual Studio Solution File, Format Version 12.00
# Visual Studio Version 17
VisualStudioVersion = 17.3.32804.467
MinimumVisualStudioVersion = 10.0.40219.1
Project("{FAE04EC0-301F-11D3-BF4B-00C04F79EFBC}") = "MathAndComparisonOperatorAssignment", "MathAndComparisonOperatorAssignment\MathAndComparisonOperatorAssignment.csproj", "{D1293C9A-324D-4DB4-B072-C31E36849244}"
EndProject
Global
	GlobalSection(SolutionConfigurationPlatforms) = preSolution
		Debug|Any CPU = Debug|Any CPU
		Release|Any CPU = Release|Any CPU
	EndGlobalSection
	GlobalSection(ProjectConfigurationPlatforms) = postSolution
		{D1293C9A-324D-4DB4-B072-C31E36849244}.Debug|Any CPU.ActiveCfg = Debug|Any CPU
		{D1293C9A-324D-4DB4-B072-C31E36849244}.Debug|Any CPU.Build.0 = Debug|Any CPU
		{D1293C9A-324D-4DB4-B072-C31E36849244}.Release|Any CPU.ActiveCfg = Release|Any CPU
		{D1293C9A-324D-4DB4-B072-C31E36849244}.Release|Any CPU.Build.0 = Release|Any CPU
	EndGlobalSection
	GlobalSection(SolutionProperties) = preSolution
		HideSolutionNode = FALSE
	EndGlobalSection
	GlobalSection(ExtensibilityGlobals) = postSolution
		SolutionGuid = {B0AD5221-31C0-4C8E-AC04-468FFE8DF942}
	EndGlobalSection
EndGlobal
